
Microsoft Visual Studio Solution File, Format Version 12.00
# Visual Studio 14
VisualStudioVersion = 14.0.25420.1
MinimumVisualStudioVersion = 10.0.40219.1
Project("{FAE04EC0-301F-11D3-BF4B-00C04F79EFBC}") = "PasswordUtility", "PasswordUtility\PasswordUtility.csproj", "{4ED28199-D641-4923-B5ED-DA04D15954D0}"
EndProject
Project("{FAE04EC0-301F-11D3-BF4B-00C04F79EFBC}") = "ConfigTool", "ConfigTool\ConfigTool.csproj", "{9BEAA262-9132-4939-8D1C-056844739A48}"
EndProject
Project("{FAE04EC0-301F-11D3-BF4B-00C04F79EFBC}") = "PasswordUtilityLibrary", "PasswordUtilityLibrary\PasswordUtilityLibrary.csproj", "{F2E23899-2BB4-4072-BE0A-717D49604327}"
EndProject
Global
	GlobalSection(SolutionConfigurationPlatforms) = preSolution
		Debug|Any CPU = Debug|Any CPU
		Release|Any CPU = Release|Any CPU
	EndGlobalSection
	GlobalSection(ProjectConfigurationPlatforms) = postSolution
		{4ED28199-D641-4923-B5ED-DA04D15954D0}.Debug|Any CPU.ActiveCfg = Debug|Any CPU
		{4ED28199-D641-4923-B5ED-DA04D15954D0}.Debug|Any CPU.Build.0 = Debug|Any CPU
		{4ED28199-D641-4923-B5ED-DA04D15954D0}.Release|Any CPU.ActiveCfg = Release|Any CPU
		{4ED28199-D641-4923-B5ED-DA04D15954D0}.Release|Any CPU.Build.0 = Release|Any CPU
		{9BEAA262-9132-4939-8D1C-056844739A48}.Debug|Any CPU.ActiveCfg = Debug|Any CPU
		{9BEAA262-9132-4939-8D1C-056844739A48}.Debug|Any CPU.Build.0 = Debug|Any CPU
		{9BEAA262-9132-4939-8D1C-056844739A48}.Release|Any CPU.ActiveCfg = Release|Any CPU
		{9BEAA262-9132-4939-8D1C-056844739A48}.Release|Any CPU.Build.0 = Release|Any CPU
		{F2E23899-2BB4-4072-BE0A-717D49604327}.Debug|Any CPU.ActiveCfg = Debug|Any CPU
		{F2E23899-2BB4-4072-BE0A-717D49604327}.Debug|Any CPU.Build.0 = Debug|Any CPU
		{F2E23899-2BB4-4072-BE0A-717D49604327}.Release|Any CPU.ActiveCfg = Release|Any CPU
		{F2E23899-2BB4-4072-BE0A-717D49604327}.Release|Any CPU.Build.0 = Release|Any CPU
	EndGlobalSection
	GlobalSection(SolutionProperties) = preSolution
		HideSolutionNode = FALSE
	EndGlobalSection
EndGlobal
